
Microsoft Visual Studio Solution File, Format Version 12.00
# Visual Studio 14
VisualStudioVersion = 14.0.23107.0
MinimumVisualStudioVersion = 10.0.40219.1
Project("{FAE04EC0-301F-11D3-BF4B-00C04F79EFBC}") = "TreeExercise", "TreeExercise\TreeExercise.csproj", "{E5E15513-03D6-40F9-AF3B-35A293B3D427}"
EndProject
Global
	GlobalSection(SolutionConfigurationPlatforms) = preSolution
		Debug|Any CPU = Debug|Any CPU
		Release|Any CPU = Release|Any CPU
	EndGlobalSection
	GlobalSection(ProjectConfigurationPlatforms) = postSolution
		{E5E15513-03D6-40F9-AF3B-35A293B3D427}.Debug|Any CPU.ActiveCfg = Debug|Any CPU
		{E5E15513-03D6-40F9-AF3B-35A293B3D427}.Debug|Any CPU.Build.0 = Debug|Any CPU
		{E5E15513-03D6-40F9-AF3B-35A293B3D427}.Release|Any CPU.ActiveCfg = Release|Any CPU
		{E5E15513-03D6-40F9-AF3B-35A293B3D427}.Release|Any CPU.Build.0 = Release|Any CPU
	EndGlobalSection
	GlobalSection(SolutionProperties) = preSolution
		HideSolutionNode = FALSE
	EndGlobalSection
EndGlobal
